// !$*UTF8*$!
{
	archiveVersion = 1;
	classes = {
	};
	objectVersion = 46;
	objects = {

/* Begin PBXBuildFile section */
		04AF22E31A8B28D500F07EF1 /* main.m in Sources */ = {isa = PBXBuildFile; fileRef = 04AF22E21A8B28D500F07EF1 /* main.m */; };
		04AF22E61A8B28D500F07EF1 /* AppDelegate.m in Sources */ = {isa = PBXBuildFile; fileRef = 04AF22E51A8B28D500F07EF1 /* AppDelegate.m */; };
		04AF22E91A8B28D500F07EF1 /* AttributorViewController.m in Sources */ = {isa = PBXBuildFile; fileRef = 04AF22E81A8B28D500F07EF1 /* AttributorViewController.m */; };
		04AF22EC1A8B28D500F07EF1 /* Main.storyboard in Resources */ = {isa = PBXBuildFile; fileRef = 04AF22EA1A8B28D500F07EF1 /* Main.storyboard */; };
		04AF22EE1A8B28D500F07EF1 /* Images.xcassets in Resources */ = {isa = PBXBuildFile; fileRef = 04AF22ED1A8B28D500F07EF1 /* Images.xcassets */; };
		04AF22F11A8B28D500F07EF1 /* LaunchScreen.xib in Resources */ = {isa = PBXBuildFile; fileRef = 04AF22EF1A8B28D500F07EF1 /* LaunchScreen.xib */; };
		04AF22FD1A8B28D500F07EF1 /* TextViewDemoTests.m in Sources */ = {isa = PBXBuildFile; fileRef = 04AF22FC1A8B28D500F07EF1 /* TextViewDemoTests.m */; };
/* End PBXBuildFile section */

/* Begin PBXContainerItemProxy section */
		04AF22F71A8B28D500F07EF1 /* PBXContainerItemProxy */ = {
			isa = PBXContainerItemProxy;
			containerPortal = 04AF22D51A8B28D500F07EF1 /* Project object */;
			proxyType = 1;
			remoteGlobalIDString = 04AF22DC1A8B28D500F07EF1;
			remoteInfo = TextViewDemo;
		};
/* End PBXContainerItemProxy section */

/* Begin PBXFileReference section */
		04AF22DD1A8B28D500F07EF1 /* TextViewDemo.app */ = {isa = PBXFileReference; explicitFileType = wrapper.application; includeInIndex = 0; path = TextViewDemo.app; sourceTree = BUILT_PRODUCTS_DIR; };
		04AF22E11A8B28D500F07EF1 /* Info.plist */ = {isa = PBXFileReference; lastKnownFileType = text.plist.xml; path = Info.plist; sourceTree = "<group>"; };
		04AF22E21A8B28D500F07EF1 /* main.m */ = {isa = PBXFileReference; lastKnownFileType = sourcecode.c.objc; path = main.m; sourceTree = "<group>"; };
		04AF22E41A8B28D500F07EF1 /* AppDelegate.h */ = {isa = PBXFileReference; lastKnownFileType = sourcecode.c.h; path = AppDelegate.h; sourceTree = "<group>"; };
		04AF22E51A8B28D500F07EF1 /* AppDelegate.m */ = {isa = PBXFileReference; lastKnownFileType = sourcecode.c.objc; path = AppDelegate.m; sourceTree = "<group>"; };
		04AF22E71A8B28D500F07EF1 /* AttributorViewController.h */ = {isa = PBXFileReference; lastKnownFileType = sourcecode.c.h; path = AttributorViewController.h; sourceTree = "<group>"; };
		04AF22E81A8B28D500F07EF1 /* AttributorViewController.m */ = {isa = PBXFileReference; lastKnownFileType = sourcecode.c.objc; path = AttributorViewController.m; sourceTree = "<group>"; };
		04AF22EB1A8B28D500F07EF1 /* Base */ = {isa = PBXFileReference; lastKnownFileType = file.storyboard; name = Base; path = Base.lproj/Main.storyboard; sourceTree = "<group>"; };
		04AF22ED1A8B28D500F07EF1 /* Images.xcassets */ = {isa = PBXFileReference; lastKnownFileType = folder.assetcatalog; path = Images.xcassets; sourceTree = "<group>"; };
		04AF22F01A8B28D500F07EF1 /* Base */ = {isa = PBXFileReference; lastKnownFileType = file.xib; name = Base; path = Base.lproj/LaunchScreen.xib; sourceTree = "<group>"; };
		04AF22F61A8B28D500F07EF1 /* TextViewDemoTests.xctest */ = {isa = PBXFileReference; explicitFileType = wrapper.cfbundle; includeInIndex = 0; path = TextViewDemoTests.xctest; sourceTree = BUILT_PRODUCTS_DIR; };
		04AF22FB1A8B28D500F07EF1 /* Info.plist */ = {isa = PBXFileReference; lastKnownFileType = text.plist.xml; path = Info.plist; sourceTree = "<group>"; };
		04AF22FC1A8B28D500F07EF1 /* TextViewDemoTests.m */ = {isa = PBXFileReference; lastKnownFileType = sourcecode.c.objc; path = TextViewDemoTests.m; sourceTree = "<group>"; };
/* End PBXFileReference section */

/* Begin PBXFrameworksBuildPhase section */
		04AF22DA1A8B28D500F07EF1 /* Frameworks */ = {
			isa = PBXFrameworksBuildPhase;
			buildActionMask = 2147483647;
			files = (
			);
			runOnlyForDeploymentPostprocessing = 0;
		};
		04AF22F31A8B28D500F07EF1 /* Frameworks */ = {
			isa = PBXFrameworksBuildPhase;
			buildActionMask = 2147483647;
			files = (
			);
			runOnlyForDeploymentPostprocessing = 0;
		};
/* End PBXFrameworksBuildPhase section */

/* Begin PBXGroup section */
		04AF22D41A8B28D500F07EF1 = {
			isa = PBXGroup;
			children = (
				04AF22DF1A8B28D500F07EF1 /* TextViewDemo */,
				04AF22F91A8B28D500F07EF1 /* TextViewDemoTests */,
				04AF22DE1A8B28D500F07EF1 /* Products */,
			);
			sourceTree = "<group>";
		};
		04AF22DE1A8B28D500F07EF1 /* Products */ = {
			isa = PBXGroup;
			children = (
				04AF22DD1A8B28D500F07EF1 /* TextViewDemo.app */,
				04AF22F61A8B28D500F07EF1 /* TextViewDemoTests.xctest */,
			);
			name = Products;
			sourceTree = "<group>";
		};
		04AF22DF1A8B28D500F07EF1 /* TextViewDemo */ = {
			isa = PBXGroup;
			children = (
				04AF22E41A8B28D500F07EF1 /* AppDelegate.h */,
				04AF22E51A8B28D500F07EF1 /* AppDelegate.m */,
				04AF22E71A8B28D500F07EF1 /* AttributorViewController.h */,
				04AF22E81A8B28D500F07EF1 /* AttributorViewController.m */,
				04AF22EA1A8B28D500F07EF1 /* Main.storyboard */,
				04AF22ED1A8B28D500F07EF1 /* Images.xcassets */,
				04AF22EF1A8B28D500F07EF1 /* LaunchScreen.xib */,
				04AF22E01A8B28D500F07EF1 /* Supporting Files */,
			);
			path = TextViewDemo;
			sourceTree = "<group>";
		};
		04AF22E01A8B28D500F07EF1 /* Supporting Files */ = {
			isa = PBXGroup;
			children = (
				04AF22E11A8B28D500F07EF1 /* Info.plist */,
				04AF22E21A8B28D500F07EF1 /* main.m */,
			);
			name = "Supporting Files";
			sourceTree = "<group>";
		};
		04AF22F91A8B28D500F07EF1 /* TextViewDemoTests */ = {
			isa = PBXGroup;
			children = (
				04AF22FC1A8B28D500F07EF1 /* TextViewDemoTests.m */,
				04AF22FA1A8B28D500F07EF1 /* Supporting Files */,
			);
			path = TextViewDemoTests;
			sourceTree = "<group>";
		};
		04AF22FA1A8B28D500F07EF1 /* Supporting Files */ = {
			isa = PBXGroup;
			children = (
				04AF22FB1A8B28D500F07EF1 /* Info.plist */,
			);
			name = "Supporting Files";
			sourceTree = "<group>";
		};
/* End PBXGroup section */

/* Begin PBXNativeTarget section */
		04AF22DC1A8B28D500F07EF1 /* TextViewDemo */ = {
			isa = PBXNativeTarget;
			buildConfigurationList = 04AF23001A8B28D500F07EF1 /* Build configuration list for PBXNativeTarget "TextViewDemo" */;
			buildPhases = (
				04AF22D91A8B28D500F07EF1 /* Sources */,
				04AF22DA1A8B28D500F07EF1 /* Frameworks */,
				04AF22DB1A8B28D500F07EF1 /* Resources */,
			);
			buildRules = (
			);
			dependencies = (
			);
			name = TextViewDemo;
			productName = TextViewDemo;
			productReference = 04AF22DD1A8B28D500F07EF1 /* TextViewDemo.app */;
			productType = "com.apple.product-type.application";
		};
		04AF22F51A8B28D500F07EF1 /* TextViewDemoTests */ = {
			isa = PBXNativeTarget;
			buildConfigurationList = 04AF23031A8B28D500F07EF1 /* Build configuration list for PBXNativeTarget "TextViewDemoTests" */;
			buildPhases = (
				04AF22F21A8B28D500F07EF1 /* Sources */,
				04AF22F31A8B28D500F07EF1 /* Frameworks */,
				04AF22F41A8B28D500F07EF1 /* Resources */,
			);
			buildRules = (
			);
			dependencies = (
				04AF22F81A8B28D500F07EF1 /* PBXTargetDependency */,
			);
			name = TextViewDemoTests;
			productName = TextViewDemoTests;
			productReference = 04AF22F61A8B28D500F07EF1 /* TextViewDemoTests.xctest */;
			productType = "com.apple.product-type.bundle.unit-test";
		};
/* End PBXNativeTarget section */

/* Begin PBXProject section */
		04AF22D51A8B28D500F07EF1 /* Project object */ = {
			isa = PBXProject;
			attributes = {
				LastUpgradeCheck = 0610;
				TargetAttributes = {
					04AF22DC1A8B28D500F07EF1 = {
						CreatedOnToolsVersion = 6.1.1;
					};
					04AF22F51A8B28D500F07EF1 = {
						CreatedOnToolsVersion = 6.1.1;
						TestTargetID = 04AF22DC1A8B28D500F07EF1;
					};
				};
			};
			buildConfigurationList = 04AF22D81A8B28D500F07EF1 /* Build configuration list for PBXProject "TextViewDemo" */;
			compatibilityVersion = "Xcode 3.2";
			developmentRegion = English;
			hasScannedForEncodings = 0;
			knownRegions = (
				en,
				Base,
			);
			mainGroup = 04AF22D41A8B28D500F07EF1;
			productRefGroup = 04AF22DE1A8B28D500F07EF1 /* Products */;
			projectDirPath = "";
			projectRoot = "";
			targets = (
				04AF22DC1A8B28D500F07EF1 /* TextViewDemo */,
				04AF22F51A8B28D500F07EF1 /* TextViewDemoTests */,
			);
		};
/* End PBXProject section */

/* Begin PBXResourcesBuildPhase section */
		04AF22DB1A8B28D500F07EF1 /* Resources */ = {
			isa = PBXResourcesBuildPhase;
			buildActionMask = 2147483647;
			files = (
				04AF22EC1A8B28D500F07EF1 /* Main.storyboard in Resources */,
				04AF22F11A8B28D500F07EF1 /* LaunchScreen.xib in Resources */,
				04AF22EE1A8B28D500F07EF1 /* Images.xcassets in Resources */,
			);
			runOnlyForDeploymentPostprocessing = 0;
		};
		04AF22F41A8B28D500F07EF1 /* Resources */ = {
			isa = PBXResourcesBuildPhase;
			buildActionMask = 2147483647;
			files = (
			);
			runOnlyForDeploymentPostprocessing = 0;
		};
/* End PBXResourcesBuildPhase section */

/* Begin PBXSourcesBuildPhase section */
		04AF22D91A8B28D500F07EF1 /* Sources */ = {
			isa = PBXSourcesBuildPhase;
			buildActionMask = 2147483647;
			files = (
				04AF22E91A8B28D500F07EF1 /* AttributorViewController.m in Sources */,
				04AF22E61A8B28D500F07EF1 /* AppDelegate.m in Sources */,
				04AF22E31A8B28D500F07EF1 /* main.m in Sources */,
			);
			runOnlyForDeploymentPostprocessing = 0;
		};
		04AF22F21A8B28D500F07EF1 /* Sources */ = {
			isa = PBXSourcesBuildPhase;
			buildActionMask = 2147483647;
			files = (
				04AF22FD1A8B28D500F07EF1 /* TextViewDemoTests.m in Sources */,
			);
			runOnlyForDeploymentPostprocessing = 0;
		};
/* End PBXSourcesBuildPhase section */

/* Begin PBXTargetDependency section */
		04AF22F81A8B28D500F07EF1 /* PBXTargetDependency */ = {
			isa = PBXTargetDependency;
			target = 04AF22DC1A8B28D500F07EF1 /* TextViewDemo */;
			targetProxy = 04AF22F71A8B28D500F07EF1 /* PBXContainerItemProxy */;
		};
/* End PBXTargetDependency section */

/* Begin PBXVariantGroup section */
		04AF22EA1A8B28D500F07EF1 /* Main.storyboard */ = {
			isa = PBXVariantGroup;
			children = (
				04AF22EB1A8B28D500F07EF1 /* Base */,
			);
			name = Main.storyboard;
			sourceTree = "<group>";
		};
		04AF22EF1A8B28D500F07EF1 /* LaunchScreen.xib */ = {
			isa = PBXVariantGroup;
			children = (
				04AF22F01A8B28D500F07EF1 /* Base */,
			);
			name = LaunchScreen.xib;
			sourceTree = "<group>";
		};
/* End PBXVariantGroup section */

/* Begin XCBuildConfiguration section */
		04AF22FE1A8B28D500F07EF1 /* Debug */ = {
			isa = XCBuildConfiguration;
			buildSettings = {
				ALWAYS_SEARCH_USER_PATHS = NO;
				CLANG_CXX_LANGUAGE_STANDARD = "gnu++0x";
				CLANG_CXX_LIBRARY = "libc++";
				CLANG_ENABLE_MODULES = YES;
				CLANG_ENABLE_OBJC_ARC = YES;
				CLANG_WARN_BOOL_CONVERSION = YES;
				CLANG_WARN_CONSTANT_CONVERSION = YES;
				CLANG_WARN_DIRECT_OBJC_ISA_USAGE = YES_ERROR;
				CLANG_WARN_EMPTY_BODY = YES;
				CLANG_WARN_ENUM_CONVERSION = YES;
				CLANG_WARN_INT_CONVERSION = YES;
				CLANG_WARN_OBJC_ROOT_CLASS = YES_ERROR;
				CLANG_WARN_UNREACHABLE_CODE = YES;
				CLANG_WARN__DUPLICATE_METHOD_MATCH = YES;
				"CODE_SIGN_IDENTITY[sdk=iphoneos*]" = "iPhone Developer";
				COPY_PHASE_STRIP = NO;
				ENABLE_STRICT_OBJC_MSGSEND = YES;
				GCC_C_LANGUAGE_STANDARD = gnu99;
				GCC_DYNAMIC_NO_PIC = NO;
				GCC_OPTIMIZATION_LEVEL = 0;
				GCC_PREPROCESSOR_DEFINITIONS = (
					"DEBUG=1",
					"$(inherited)",
				);
				GCC_SYMBOLS_PRIVATE_EXTERN = NO;
				GCC_WARN_64_TO_32_BIT_CONVERSION = YES;
				GCC_WARN_ABOUT_RETURN_TYPE = YES_ERROR;
				GCC_WARN_UNDECLARED_SELECTOR = YES;
				GCC_WARN_UNINITIALIZED_AUTOS = YES_AGGRESSIVE;
				GCC_WARN_UNUSED_FUNCTION = YES;
				GCC_WARN_UNUSED_VARIABLE = YES;
				IPHONEOS_DEPLOYMENT_TARGET = 8.1;
				MTL_ENABLE_DEBUG_INFO = YES;
				ONLY_ACTIVE_ARCH = YES;
				SDKROOT = iphoneos;
			};
			name = Debug;
		};
		04AF22FF1A8B28D500F07EF1 /* Release */ = {
			isa = XCBuildConfiguration;
			buildSettings = {
				ALWAYS_SEARCH_USER_PATHS = NO;
				CLANG_CXX_LANGUAGE_STANDARD = "gnu++0x";
				CLANG_CXX_LIBRARY = "libc++";
				CLANG_ENABLE_MODULES = YES;
				CLANG_ENABLE_OBJC_ARC = YES;
				CLANG_WARN_BOOL_CONVERSION = YES;
				CLANG_WARN_CONSTANT_CONVERSION = YES;
				CLANG_WARN_DIRECT_OBJC_ISA_USAGE = YES_ERROR;
				CLANG_WARN_EMPTY_BODY = YES;
				CLANG_WARN_ENUM_CONVERSION = YES;
				CLANG_WARN_INT_CONVERSION = YES;
				CLANG_WARN_OBJC_ROOT_CLASS = YES_ERROR;
				CLANG_WARN_UNREACHABLE_CODE = YES;
				CLANG_WARN__DUPLICATE_METHOD_MATCH = YES;
				"CODE_SIGN_IDENTITY[sdk=iphoneos*]" = "iPhone Developer";
				COPY_PHASE_STRIP = YES;
				ENABLE_NS_ASSERTIONS = NO;
				ENABLE_STRICT_OBJC_MSGSEND = YES;
				GCC_C_LANGUAGE_STANDARD = gnu99;
				GCC_WARN_64_TO_32_BIT_CONVERSION = YES;
				GCC_WARN_ABOUT_RETURN_TYPE = YES_ERROR;
				GCC_WARN_UNDECLARED_SELECTOR = YES;
				GCC_WARN_UNINITIALIZED_AUTOS = YES_AGGRESSIVE;
				GCC_WARN_UNUSED_FUNCTION = YES;
				GCC_WARN_UNUSED_VARIABLE = YES;
				IPHONEOS_DEPLOYMENT_TARGET = 8.1;
				MTL_ENABLE_DEBUG_INFO = NO;
				SDKROOT = iphoneos;
				VALIDATE_PRODUCT = YES;
			};
			name = Release;
		};
		04AF23011A8B28D500F07EF1 /* Debug */ = {
			isa = XCBuildConfiguration;
			buildSettings = {
				ASSETCATALOG_COMPILER_APPICON_NAME = AppIcon;
				INFOPLIST_FILE = TextViewDemo/Info.plist;
				LD_RUNPATH_SEARCH_PATHS = "$(inherited) @executable_path/Frameworks";
				PRODUCT_NAME = "$(TARGET_NAME)";
			};
			name = Debug;
		};
		04AF23021A8B28D500F07EF1 /* Release */ = {
			isa = XCBuildConfiguration;
			buildSettings = {
				ASSETCATALOG_COMPILER_APPICON_NAME = AppIcon;
				INFOPLIST_FILE = TextViewDemo/Info.plist;
				LD_RUNPATH_SEARCH_PATHS = "$(inherited) @executable_path/Frameworks";
				PRODUCT_NAME = "$(TARGET_NAME)";
			};
			name = Release;
		};
		04AF23041A8B28D500F07EF1 /* Debug */ = {
			isa = XCBuildConfiguration;
			buildSettings = {
				BUNDLE_LOADER = "$(TEST_HOST)";
				FRAMEWORK_SEARCH_PATHS = (
					"$(SDKROOT)/Developer/Library/Frameworks",
					"$(inherited)",
				);
				GCC_PREPROCESSOR_DEFINITIONS = (
					"DEBUG=1",
					"$(inherited)",
				);
				INFOPLIST_FILE = TextViewDemoTests/Info.plist;
				LD_RUNPATH_SEARCH_PATHS = "$(inherited) @executable_path/Frameworks @loader_path/Frameworks";
				PRODUCT_NAME = "$(TARGET_NAME)";
				TEST_HOST = "$(BUILT_PRODUCTS_DIR)/TextViewDemo.app/TextViewDemo";
			};
			name = Debug;
		};
		04AF23051A8B28D500F07EF1 /* Release */ = {
			isa = XCBuildConfiguration;
			buildSettings = {
				BUNDLE_LOADER = "$(TEST_HOST)";
				FRAMEWORK_SEARCH_PATHS = (
					"$(SDKROOT)/Developer/Library/Frameworks",
					"$(inherited)",
				);
				INFOPLIST_FILE = TextViewDemoTests/Info.plist;
				LD_RUNPATH_SEARCH_PATHS = "$(inherited) @executable_path/Frameworks @loader_path/Frameworks";
				PRODUCT_NAME = "$(TARGET_NAME)";
				TEST_HOST = "$(BUILT_PRODUCTS_DIR)/TextViewDemo.app/TextViewDemo";
			};
			name = Release;
		};
/* End XCBuildConfiguration section */

/* Begin XCConfigurationList section */
		04AF22D81A8B28D500F07EF1 /* Build configuration list for PBXProject "TextViewDemo" */ = {
			isa = XCConfigurationList;
			buildConfigurations = (
				04AF22FE1A8B28D500F07EF1 /* Debug */,
				04AF22FF1A8B28D500F07EF1 /* Release */,
			);
			defaultConfigurationIsVisible = 0;
			defaultConfigurationName = Release;
		};
		04AF23001A8B28D500F07EF1 /* Build configuration list for PBXNativeTarget "TextViewDemo" */ = {
			isa = XCConfigurationList;
			buildConfigurations = (
				04AF23011A8B28D500F07EF1 /* Debug */,
				04AF23021A8B28D500F07EF1 /* Release */,
			);
			defaultConfigurationIsVisible = 0;
		};
		04AF23031A8B28D500F07EF1 /* Build configuration list for PBXNativeTarget "TextViewDemoTests" */ = {
			isa = XCConfigurationList;
			buildConfigurations = (
				04AF23041A8B28D500F07EF1 /* Debug */,
				04AF23051A8B28D500F07EF1 /* Release */,
			);
			defaultConfigurationIsVisible = 0;
		};
/* End XCConfigurationList section */
	};
	rootObject = 04AF22D51A8B28D500F07EF1 /* Project object */;
}
