// !$*UTF8*$!
{
	archiveVersion = 1;
	classes = {
	};
	objectVersion = 46;
	objects = {

/* Begin PBXBuildFile section */
		042148E31A91CEA400692351 /* main.m in Sources */ = {isa = PBXBuildFile; fileRef = 042148E21A91CEA400692351 /* main.m */; };
		042148E61A91CEA400692351 /* AppDelegate.m in Sources */ = {isa = PBXBuildFile; fileRef = 042148E51A91CEA400692351 /* AppDelegate.m */; };
		042148E91A91CEA400692351 /* DropitViewController.m in Sources */ = {isa = PBXBuildFile; fileRef = 042148E81A91CEA400692351 /* DropitViewController.m */; };
		042148EC1A91CEA400692351 /* Main.storyboard in Resources */ = {isa = PBXBuildFile; fileRef = 042148EA1A91CEA400692351 /* Main.storyboard */; };
		042148EE1A91CEA400692351 /* Images.xcassets in Resources */ = {isa = PBXBuildFile; fileRef = 042148ED1A91CEA400692351 /* Images.xcassets */; };
		042148F11A91CEA400692351 /* LaunchScreen.xib in Resources */ = {isa = PBXBuildFile; fileRef = 042148EF1A91CEA400692351 /* LaunchScreen.xib */; };
		042148FD1A91CEA400692351 /* DropItTests.m in Sources */ = {isa = PBXBuildFile; fileRef = 042148FC1A91CEA400692351 /* DropItTests.m */; };
		042149081A91EDFE00692351 /* DropitBehavior.m in Sources */ = {isa = PBXBuildFile; fileRef = 042149071A91EDFE00692351 /* DropitBehavior.m */; };
/* End PBXBuildFile section */

/* Begin PBXContainerItemProxy section */
		042148F71A91CEA400692351 /* PBXContainerItemProxy */ = {
			isa = PBXContainerItemProxy;
			containerPortal = 042148D51A91CEA400692351 /* Project object */;
			proxyType = 1;
			remoteGlobalIDString = 042148DC1A91CEA400692351;
			remoteInfo = DropIt;
		};
/* End PBXContainerItemProxy section */

/* Begin PBXFileReference section */
		042148DD1A91CEA400692351 /* DropIt.app */ = {isa = PBXFileReference; explicitFileType = wrapper.application; includeInIndex = 0; path = DropIt.app; sourceTree = BUILT_PRODUCTS_DIR; };
		042148E11A91CEA400692351 /* Info.plist */ = {isa = PBXFileReference; lastKnownFileType = text.plist.xml; path = Info.plist; sourceTree = "<group>"; };
		042148E21A91CEA400692351 /* main.m */ = {isa = PBXFileReference; lastKnownFileType = sourcecode.c.objc; path = main.m; sourceTree = "<group>"; };
		042148E41A91CEA400692351 /* AppDelegate.h */ = {isa = PBXFileReference; lastKnownFileType = sourcecode.c.h; path = AppDelegate.h; sourceTree = "<group>"; };
		042148E51A91CEA400692351 /* AppDelegate.m */ = {isa = PBXFileReference; lastKnownFileType = sourcecode.c.objc; path = AppDelegate.m; sourceTree = "<group>"; };
		042148E71A91CEA400692351 /* DropitViewController.h */ = {isa = PBXFileReference; lastKnownFileType = sourcecode.c.h; path = DropitViewController.h; sourceTree = "<group>"; };
		042148E81A91CEA400692351 /* DropitViewController.m */ = {isa = PBXFileReference; lastKnownFileType = sourcecode.c.objc; path = DropitViewController.m; sourceTree = "<group>"; };
		042148EB1A91CEA400692351 /* Base */ = {isa = PBXFileReference; lastKnownFileType = file.storyboard; name = Base; path = Base.lproj/Main.storyboard; sourceTree = "<group>"; };
		042148ED1A91CEA400692351 /* Images.xcassets */ = {isa = PBXFileReference; lastKnownFileType = folder.assetcatalog; path = Images.xcassets; sourceTree = "<group>"; };
		042148F01A91CEA400692351 /* Base */ = {isa = PBXFileReference; lastKnownFileType = file.xib; name = Base; path = Base.lproj/LaunchScreen.xib; sourceTree = "<group>"; };
		042148F61A91CEA400692351 /* DropItTests.xctest */ = {isa = PBXFileReference; explicitFileType = wrapper.cfbundle; includeInIndex = 0; path = DropItTests.xctest; sourceTree = BUILT_PRODUCTS_DIR; };
		042148FB1A91CEA400692351 /* Info.plist */ = {isa = PBXFileReference; lastKnownFileType = text.plist.xml; path = Info.plist; sourceTree = "<group>"; };
		042148FC1A91CEA400692351 /* DropItTests.m */ = {isa = PBXFileReference; lastKnownFileType = sourcecode.c.objc; path = DropItTests.m; sourceTree = "<group>"; };
		042149061A91EDFE00692351 /* DropitBehavior.h */ = {isa = PBXFileReference; fileEncoding = 4; lastKnownFileType = sourcecode.c.h; path = DropitBehavior.h; sourceTree = "<group>"; };
		042149071A91EDFE00692351 /* DropitBehavior.m */ = {isa = PBXFileReference; fileEncoding = 4; lastKnownFileType = sourcecode.c.objc; path = DropitBehavior.m; sourceTree = "<group>"; };
/* End PBXFileReference section */

/* Begin PBXFrameworksBuildPhase section */
		042148DA1A91CEA400692351 /* Frameworks */ = {
			isa = PBXFrameworksBuildPhase;
			buildActionMask = 2147483647;
			files = (
			);
			runOnlyForDeploymentPostprocessing = 0;
		};
		042148F31A91CEA400692351 /* Frameworks */ = {
			isa = PBXFrameworksBuildPhase;
			buildActionMask = 2147483647;
			files = (
			);
			runOnlyForDeploymentPostprocessing = 0;
		};
/* End PBXFrameworksBuildPhase section */

/* Begin PBXGroup section */
		042148D41A91CEA400692351 = {
			isa = PBXGroup;
			children = (
				042148DF1A91CEA400692351 /* DropIt */,
				042148F91A91CEA400692351 /* DropItTests */,
				042148DE1A91CEA400692351 /* Products */,
			);
			sourceTree = "<group>";
		};
		042148DE1A91CEA400692351 /* Products */ = {
			isa = PBXGroup;
			children = (
				042148DD1A91CEA400692351 /* DropIt.app */,
				042148F61A91CEA400692351 /* DropItTests.xctest */,
			);
			name = Products;
			sourceTree = "<group>";
		};
		042148DF1A91CEA400692351 /* DropIt */ = {
			isa = PBXGroup;
			children = (
				042148E41A91CEA400692351 /* AppDelegate.h */,
				042148E51A91CEA400692351 /* AppDelegate.m */,
				042148E71A91CEA400692351 /* DropitViewController.h */,
				042148E81A91CEA400692351 /* DropitViewController.m */,
				042148EA1A91CEA400692351 /* Main.storyboard */,
				042148ED1A91CEA400692351 /* Images.xcassets */,
				042148EF1A91CEA400692351 /* LaunchScreen.xib */,
				042148E01A91CEA400692351 /* Supporting Files */,
				042149061A91EDFE00692351 /* DropitBehavior.h */,
				042149071A91EDFE00692351 /* DropitBehavior.m */,
			);
			path = DropIt;
			sourceTree = "<group>";
		};
		042148E01A91CEA400692351 /* Supporting Files */ = {
			isa = PBXGroup;
			children = (
				042148E11A91CEA400692351 /* Info.plist */,
				042148E21A91CEA400692351 /* main.m */,
			);
			name = "Supporting Files";
			sourceTree = "<group>";
		};
		042148F91A91CEA400692351 /* DropItTests */ = {
			isa = PBXGroup;
			children = (
				042148FC1A91CEA400692351 /* DropItTests.m */,
				042148FA1A91CEA400692351 /* Supporting Files */,
			);
			path = DropItTests;
			sourceTree = "<group>";
		};
		042148FA1A91CEA400692351 /* Supporting Files */ = {
			isa = PBXGroup;
			children = (
				042148FB1A91CEA400692351 /* Info.plist */,
			);
			name = "Supporting Files";
			sourceTree = "<group>";
		};
/* End PBXGroup section */

/* Begin PBXNativeTarget section */
		042148DC1A91CEA400692351 /* DropIt */ = {
			isa = PBXNativeTarget;
			buildConfigurationList = 042149001A91CEA400692351 /* Build configuration list for PBXNativeTarget "DropIt" */;
			buildPhases = (
				042148D91A91CEA400692351 /* Sources */,
				042148DA1A91CEA400692351 /* Frameworks */,
				042148DB1A91CEA400692351 /* Resources */,
			);
			buildRules = (
			);
			dependencies = (
			);
			name = DropIt;
			productName = DropIt;
			productReference = 042148DD1A91CEA400692351 /* DropIt.app */;
			productType = "com.apple.product-type.application";
		};
		042148F51A91CEA400692351 /* DropItTests */ = {
			isa = PBXNativeTarget;
			buildConfigurationList = 042149031A91CEA400692351 /* Build configuration list for PBXNativeTarget "DropItTests" */;
			buildPhases = (
				042148F21A91CEA400692351 /* Sources */,
				042148F31A91CEA400692351 /* Frameworks */,
				042148F41A91CEA400692351 /* Resources */,
			);
			buildRules = (
			);
			dependencies = (
				042148F81A91CEA400692351 /* PBXTargetDependency */,
			);
			name = DropItTests;
			productName = DropItTests;
			productReference = 042148F61A91CEA400692351 /* DropItTests.xctest */;
			productType = "com.apple.product-type.bundle.unit-test";
		};
/* End PBXNativeTarget section */

/* Begin PBXProject section */
		042148D51A91CEA400692351 /* Project object */ = {
			isa = PBXProject;
			attributes = {
				LastUpgradeCheck = 0610;
				ORGANIZATIONNAME = "Ｋ";
				TargetAttributes = {
					042148DC1A91CEA400692351 = {
						CreatedOnToolsVersion = 6.1.1;
					};
					042148F51A91CEA400692351 = {
						CreatedOnToolsVersion = 6.1.1;
						TestTargetID = 042148DC1A91CEA400692351;
					};
				};
			};
			buildConfigurationList = 042148D81A91CEA400692351 /* Build configuration list for PBXProject "DropIt" */;
			compatibilityVersion = "Xcode 3.2";
			developmentRegion = English;
			hasScannedForEncodings = 0;
			knownRegions = (
				en,
				Base,
			);
			mainGroup = 042148D41A91CEA400692351;
			productRefGroup = 042148DE1A91CEA400692351 /* Products */;
			projectDirPath = "";
			projectRoot = "";
			targets = (
				042148DC1A91CEA400692351 /* DropIt */,
				042148F51A91CEA400692351 /* DropItTests */,
			);
		};
/* End PBXProject section */

/* Begin PBXResourcesBuildPhase section */
		042148DB1A91CEA400692351 /* Resources */ = {
			isa = PBXResourcesBuildPhase;
			buildActionMask = 2147483647;
			files = (
				042148EC1A91CEA400692351 /* Main.storyboard in Resources */,
				042148F11A91CEA400692351 /* LaunchScreen.xib in Resources */,
				042148EE1A91CEA400692351 /* Images.xcassets in Resources */,
			);
			runOnlyForDeploymentPostprocessing = 0;
		};
		042148F41A91CEA400692351 /* Resources */ = {
			isa = PBXResourcesBuildPhase;
			buildActionMask = 2147483647;
			files = (
			);
			runOnlyForDeploymentPostprocessing = 0;
		};
/* End PBXResourcesBuildPhase section */

/* Begin PBXSourcesBuildPhase section */
		042148D91A91CEA400692351 /* Sources */ = {
			isa = PBXSourcesBuildPhase;
			buildActionMask = 2147483647;
			files = (
				042148E91A91CEA400692351 /* DropitViewController.m in Sources */,
				042149081A91EDFE00692351 /* DropitBehavior.m in Sources */,
				042148E61A91CEA400692351 /* AppDelegate.m in Sources */,
				042148E31A91CEA400692351 /* main.m in Sources */,
			);
			runOnlyForDeploymentPostprocessing = 0;
		};
		042148F21A91CEA400692351 /* Sources */ = {
			isa = PBXSourcesBuildPhase;
			buildActionMask = 2147483647;
			files = (
				042148FD1A91CEA400692351 /* DropItTests.m in Sources */,
			);
			runOnlyForDeploymentPostprocessing = 0;
		};
/* End PBXSourcesBuildPhase section */

/* Begin PBXTargetDependency section */
		042148F81A91CEA400692351 /* PBXTargetDependency */ = {
			isa = PBXTargetDependency;
			target = 042148DC1A91CEA400692351 /* DropIt */;
			targetProxy = 042148F71A91CEA400692351 /* PBXContainerItemProxy */;
		};
/* End PBXTargetDependency section */

/* Begin PBXVariantGroup section */
		042148EA1A91CEA400692351 /* Main.storyboard */ = {
			isa = PBXVariantGroup;
			children = (
				042148EB1A91CEA400692351 /* Base */,
			);
			name = Main.storyboard;
			sourceTree = "<group>";
		};
		042148EF1A91CEA400692351 /* LaunchScreen.xib */ = {
			isa = PBXVariantGroup;
			children = (
				042148F01A91CEA400692351 /* Base */,
			);
			name = LaunchScreen.xib;
			sourceTree = "<group>";
		};
/* End PBXVariantGroup section */

/* Begin XCBuildConfiguration section */
		042148FE1A91CEA400692351 /* Debug */ = {
			isa = XCBuildConfiguration;
			buildSettings = {
				ALWAYS_SEARCH_USER_PATHS = NO;
				CLANG_CXX_LANGUAGE_STANDARD = "gnu++0x";
				CLANG_CXX_LIBRARY = "libc++";
				CLANG_ENABLE_MODULES = YES;
				CLANG_ENABLE_OBJC_ARC = YES;
				CLANG_WARN_BOOL_CONVERSION = YES;
				CLANG_WARN_CONSTANT_CONVERSION = YES;
				CLANG_WARN_DIRECT_OBJC_ISA_USAGE = YES_ERROR;
				CLANG_WARN_EMPTY_BODY = YES;
				CLANG_WARN_ENUM_CONVERSION = YES;
				CLANG_WARN_INT_CONVERSION = YES;
				CLANG_WARN_OBJC_ROOT_CLASS = YES_ERROR;
				CLANG_WARN_UNREACHABLE_CODE = YES;
				CLANG_WARN__DUPLICATE_METHOD_MATCH = YES;
				"CODE_SIGN_IDENTITY[sdk=iphoneos*]" = "iPhone Developer";
				COPY_PHASE_STRIP = NO;
				ENABLE_STRICT_OBJC_MSGSEND = YES;
				GCC_C_LANGUAGE_STANDARD = gnu99;
				GCC_DYNAMIC_NO_PIC = NO;
				GCC_OPTIMIZATION_LEVEL = 0;
				GCC_PREPROCESSOR_DEFINITIONS = (
					"DEBUG=1",
					"$(inherited)",
				);
				GCC_SYMBOLS_PRIVATE_EXTERN = NO;
				GCC_WARN_64_TO_32_BIT_CONVERSION = YES;
				GCC_WARN_ABOUT_RETURN_TYPE = YES_ERROR;
				GCC_WARN_UNDECLARED_SELECTOR = YES;
				GCC_WARN_UNINITIALIZED_AUTOS = YES_AGGRESSIVE;
				GCC_WARN_UNUSED_FUNCTION = YES;
				GCC_WARN_UNUSED_VARIABLE = YES;
				IPHONEOS_DEPLOYMENT_TARGET = 8.1;
				MTL_ENABLE_DEBUG_INFO = YES;
				ONLY_ACTIVE_ARCH = YES;
				SDKROOT = iphoneos;
			};
			name = Debug;
		};
		042148FF1A91CEA400692351 /* Release */ = {
			isa = XCBuildConfiguration;
			buildSettings = {
				ALWAYS_SEARCH_USER_PATHS = NO;
				CLANG_CXX_LANGUAGE_STANDARD = "gnu++0x";
				CLANG_CXX_LIBRARY = "libc++";
				CLANG_ENABLE_MODULES = YES;
				CLANG_ENABLE_OBJC_ARC = YES;
				CLANG_WARN_BOOL_CONVERSION = YES;
				CLANG_WARN_CONSTANT_CONVERSION = YES;
				CLANG_WARN_DIRECT_OBJC_ISA_USAGE = YES_ERROR;
				CLANG_WARN_EMPTY_BODY = YES;
				CLANG_WARN_ENUM_CONVERSION = YES;
				CLANG_WARN_INT_CONVERSION = YES;
				CLANG_WARN_OBJC_ROOT_CLASS = YES_ERROR;
				CLANG_WARN_UNREACHABLE_CODE = YES;
				CLANG_WARN__DUPLICATE_METHOD_MATCH = YES;
				"CODE_SIGN_IDENTITY[sdk=iphoneos*]" = "iPhone Developer";
				COPY_PHASE_STRIP = YES;
				ENABLE_NS_ASSERTIONS = NO;
				ENABLE_STRICT_OBJC_MSGSEND = YES;
				GCC_C_LANGUAGE_STANDARD = gnu99;
				GCC_WARN_64_TO_32_BIT_CONVERSION = YES;
				GCC_WARN_ABOUT_RETURN_TYPE = YES_ERROR;
				GCC_WARN_UNDECLARED_SELECTOR = YES;
				GCC_WARN_UNINITIALIZED_AUTOS = YES_AGGRESSIVE;
				GCC_WARN_UNUSED_FUNCTION = YES;
				GCC_WARN_UNUSED_VARIABLE = YES;
				IPHONEOS_DEPLOYMENT_TARGET = 8.1;
				MTL_ENABLE_DEBUG_INFO = NO;
				SDKROOT = iphoneos;
				VALIDATE_PRODUCT = YES;
			};
			name = Release;
		};
		042149011A91CEA400692351 /* Debug */ = {
			isa = XCBuildConfiguration;
			buildSettings = {
				ASSETCATALOG_COMPILER_APPICON_NAME = AppIcon;
				INFOPLIST_FILE = DropIt/Info.plist;
				LD_RUNPATH_SEARCH_PATHS = "$(inherited) @executable_path/Frameworks";
				PRODUCT_NAME = "$(TARGET_NAME)";
			};
			name = Debug;
		};
		042149021A91CEA400692351 /* Release */ = {
			isa = XCBuildConfiguration;
			buildSettings = {
				ASSETCATALOG_COMPILER_APPICON_NAME = AppIcon;
				INFOPLIST_FILE = DropIt/Info.plist;
				LD_RUNPATH_SEARCH_PATHS = "$(inherited) @executable_path/Frameworks";
				PRODUCT_NAME = "$(TARGET_NAME)";
			};
			name = Release;
		};
		042149041A91CEA400692351 /* Debug */ = {
			isa = XCBuildConfiguration;
			buildSettings = {
				BUNDLE_LOADER = "$(TEST_HOST)";
				FRAMEWORK_SEARCH_PATHS = (
					"$(SDKROOT)/Developer/Library/Frameworks",
					"$(inherited)",
				);
				GCC_PREPROCESSOR_DEFINITIONS = (
					"DEBUG=1",
					"$(inherited)",
				);
				INFOPLIST_FILE = DropItTests/Info.plist;
				LD_RUNPATH_SEARCH_PATHS = "$(inherited) @executable_path/Frameworks @loader_path/Frameworks";
				PRODUCT_NAME = "$(TARGET_NAME)";
				TEST_HOST = "$(BUILT_PRODUCTS_DIR)/DropIt.app/DropIt";
			};
			name = Debug;
		};
		042149051A91CEA400692351 /* Release */ = {
			isa = XCBuildConfiguration;
			buildSettings = {
				BUNDLE_LOADER = "$(TEST_HOST)";
				FRAMEWORK_SEARCH_PATHS = (
					"$(SDKROOT)/Developer/Library/Frameworks",
					"$(inherited)",
				);
				INFOPLIST_FILE = DropItTests/Info.plist;
				LD_RUNPATH_SEARCH_PATHS = "$(inherited) @executable_path/Frameworks @loader_path/Frameworks";
				PRODUCT_NAME = "$(TARGET_NAME)";
				TEST_HOST = "$(BUILT_PRODUCTS_DIR)/DropIt.app/DropIt";
			};
			name = Release;
		};
/* End XCBuildConfiguration section */

/* Begin XCConfigurationList section */
		042148D81A91CEA400692351 /* Build configuration list for PBXProject "DropIt" */ = {
			isa = XCConfigurationList;
			buildConfigurations = (
				042148FE1A91CEA400692351 /* Debug */,
				042148FF1A91CEA400692351 /* Release */,
			);
			defaultConfigurationIsVisible = 0;
			defaultConfigurationName = Release;
		};
		042149001A91CEA400692351 /* Build configuration list for PBXNativeTarget "DropIt" */ = {
			isa = XCConfigurationList;
			buildConfigurations = (
				042149011A91CEA400692351 /* Debug */,
				042149021A91CEA400692351 /* Release */,
			);
			defaultConfigurationIsVisible = 0;
			defaultConfigurationName = Release;
		};
		042149031A91CEA400692351 /* Build configuration list for PBXNativeTarget "DropItTests" */ = {
			isa = XCConfigurationList;
			buildConfigurations = (
				042149041A91CEA400692351 /* Debug */,
				042149051A91CEA400692351 /* Release */,
			);
			defaultConfigurationIsVisible = 0;
			defaultConfigurationName = Release;
		};
/* End XCConfigurationList section */
	};
	rootObject = 042148D51A91CEA400692351 /* Project object */;
}
