// !$*UTF8*$!
{
	archiveVersion = 1;
	classes = {
	};
	objectVersion = 46;
	objects = {

/* Begin PBXBuildFile section */
		042148CE1A9195F400692351 /* Card.m in Sources */ = {isa = PBXBuildFile; fileRef = 042148C51A9195F400692351 /* Card.m */; };
		042148CF1A9195F400692351 /* CardMatchingGame.m in Sources */ = {isa = PBXBuildFile; fileRef = 042148C71A9195F400692351 /* CardMatchingGame.m */; };
		042148D01A9195F400692351 /* Deck.m in Sources */ = {isa = PBXBuildFile; fileRef = 042148C91A9195F400692351 /* Deck.m */; };
		042148D11A9195F400692351 /* PlayingCard.m in Sources */ = {isa = PBXBuildFile; fileRef = 042148CB1A9195F400692351 /* PlayingCard.m */; };
		042148D21A9195F400692351 /* PlayingCardDeck.m in Sources */ = {isa = PBXBuildFile; fileRef = 042148CD1A9195F400692351 /* PlayingCardDeck.m */; };
		04983E0C1A8DE91E00803B81 /* main.m in Sources */ = {isa = PBXBuildFile; fileRef = 04983E0B1A8DE91E00803B81 /* main.m */; };
		04983E0F1A8DE91E00803B81 /* AppDelegate.m in Sources */ = {isa = PBXBuildFile; fileRef = 04983E0E1A8DE91E00803B81 /* AppDelegate.m */; };
		04983E121A8DE91E00803B81 /* ViewController.m in Sources */ = {isa = PBXBuildFile; fileRef = 04983E111A8DE91E00803B81 /* ViewController.m */; };
		04983E151A8DE91E00803B81 /* Main.storyboard in Resources */ = {isa = PBXBuildFile; fileRef = 04983E131A8DE91E00803B81 /* Main.storyboard */; };
		04983E171A8DE91E00803B81 /* Images.xcassets in Resources */ = {isa = PBXBuildFile; fileRef = 04983E161A8DE91E00803B81 /* Images.xcassets */; };
		04983E1A1A8DE91E00803B81 /* LaunchScreen.xib in Resources */ = {isa = PBXBuildFile; fileRef = 04983E181A8DE91E00803B81 /* LaunchScreen.xib */; };
		04983E261A8DE91E00803B81 /* SuperCardTests.m in Sources */ = {isa = PBXBuildFile; fileRef = 04983E251A8DE91E00803B81 /* SuperCardTests.m */; };
		04983E311A8DE94700803B81 /* PlayingCardView.m in Sources */ = {isa = PBXBuildFile; fileRef = 04983E301A8DE94700803B81 /* PlayingCardView.m */; };
/* End PBXBuildFile section */

/* Begin PBXContainerItemProxy section */
		04983E201A8DE91E00803B81 /* PBXContainerItemProxy */ = {
			isa = PBXContainerItemProxy;
			containerPortal = 04983DFE1A8DE91E00803B81 /* Project object */;
			proxyType = 1;
			remoteGlobalIDString = 04983E051A8DE91E00803B81;
			remoteInfo = SuperCard;
		};
/* End PBXContainerItemProxy section */

/* Begin PBXFileReference section */
		042148C41A9195F400692351 /* Card.h */ = {isa = PBXFileReference; fileEncoding = 4; lastKnownFileType = sourcecode.c.h; path = Card.h; sourceTree = "<group>"; };
		042148C51A9195F400692351 /* Card.m */ = {isa = PBXFileReference; fileEncoding = 4; lastKnownFileType = sourcecode.c.objc; path = Card.m; sourceTree = "<group>"; };
		042148C61A9195F400692351 /* CardMatchingGame.h */ = {isa = PBXFileReference; fileEncoding = 4; lastKnownFileType = sourcecode.c.h; path = CardMatchingGame.h; sourceTree = "<group>"; };
		042148C71A9195F400692351 /* CardMatchingGame.m */ = {isa = PBXFileReference; fileEncoding = 4; lastKnownFileType = sourcecode.c.objc; path = CardMatchingGame.m; sourceTree = "<group>"; };
		042148C81A9195F400692351 /* Deck.h */ = {isa = PBXFileReference; fileEncoding = 4; lastKnownFileType = sourcecode.c.h; path = Deck.h; sourceTree = "<group>"; };
		042148C91A9195F400692351 /* Deck.m */ = {isa = PBXFileReference; fileEncoding = 4; lastKnownFileType = sourcecode.c.objc; path = Deck.m; sourceTree = "<group>"; };
		042148CA1A9195F400692351 /* PlayingCard.h */ = {isa = PBXFileReference; fileEncoding = 4; lastKnownFileType = sourcecode.c.h; path = PlayingCard.h; sourceTree = "<group>"; };
		042148CB1A9195F400692351 /* PlayingCard.m */ = {isa = PBXFileReference; fileEncoding = 4; lastKnownFileType = sourcecode.c.objc; path = PlayingCard.m; sourceTree = "<group>"; };
		042148CC1A9195F400692351 /* PlayingCardDeck.h */ = {isa = PBXFileReference; fileEncoding = 4; lastKnownFileType = sourcecode.c.h; path = PlayingCardDeck.h; sourceTree = "<group>"; };
		042148CD1A9195F400692351 /* PlayingCardDeck.m */ = {isa = PBXFileReference; fileEncoding = 4; lastKnownFileType = sourcecode.c.objc; path = PlayingCardDeck.m; sourceTree = "<group>"; };
		04983E061A8DE91E00803B81 /* SuperCard.app */ = {isa = PBXFileReference; explicitFileType = wrapper.application; includeInIndex = 0; path = SuperCard.app; sourceTree = BUILT_PRODUCTS_DIR; };
		04983E0A1A8DE91E00803B81 /* Info.plist */ = {isa = PBXFileReference; lastKnownFileType = text.plist.xml; path = Info.plist; sourceTree = "<group>"; };
		04983E0B1A8DE91E00803B81 /* main.m */ = {isa = PBXFileReference; lastKnownFileType = sourcecode.c.objc; path = main.m; sourceTree = "<group>"; };
		04983E0D1A8DE91E00803B81 /* AppDelegate.h */ = {isa = PBXFileReference; lastKnownFileType = sourcecode.c.h; path = AppDelegate.h; sourceTree = "<group>"; };
		04983E0E1A8DE91E00803B81 /* AppDelegate.m */ = {isa = PBXFileReference; lastKnownFileType = sourcecode.c.objc; path = AppDelegate.m; sourceTree = "<group>"; };
		04983E101A8DE91E00803B81 /* ViewController.h */ = {isa = PBXFileReference; lastKnownFileType = sourcecode.c.h; path = ViewController.h; sourceTree = "<group>"; };
		04983E111A8DE91E00803B81 /* ViewController.m */ = {isa = PBXFileReference; lastKnownFileType = sourcecode.c.objc; path = ViewController.m; sourceTree = "<group>"; };
		04983E141A8DE91E00803B81 /* Base */ = {isa = PBXFileReference; lastKnownFileType = file.storyboard; name = Base; path = Base.lproj/Main.storyboard; sourceTree = "<group>"; };
		04983E161A8DE91E00803B81 /* Images.xcassets */ = {isa = PBXFileReference; lastKnownFileType = folder.assetcatalog; path = Images.xcassets; sourceTree = "<group>"; };
		04983E191A8DE91E00803B81 /* Base */ = {isa = PBXFileReference; lastKnownFileType = file.xib; name = Base; path = Base.lproj/LaunchScreen.xib; sourceTree = "<group>"; };
		04983E1F1A8DE91E00803B81 /* SuperCardTests.xctest */ = {isa = PBXFileReference; explicitFileType = wrapper.cfbundle; includeInIndex = 0; path = SuperCardTests.xctest; sourceTree = BUILT_PRODUCTS_DIR; };
		04983E241A8DE91E00803B81 /* Info.plist */ = {isa = PBXFileReference; lastKnownFileType = text.plist.xml; path = Info.plist; sourceTree = "<group>"; };
		04983E251A8DE91E00803B81 /* SuperCardTests.m */ = {isa = PBXFileReference; lastKnownFileType = sourcecode.c.objc; path = SuperCardTests.m; sourceTree = "<group>"; };
		04983E2F1A8DE94700803B81 /* PlayingCardView.h */ = {isa = PBXFileReference; fileEncoding = 4; lastKnownFileType = sourcecode.c.h; path = PlayingCardView.h; sourceTree = "<group>"; };
		04983E301A8DE94700803B81 /* PlayingCardView.m */ = {isa = PBXFileReference; fileEncoding = 4; lastKnownFileType = sourcecode.c.objc; path = PlayingCardView.m; sourceTree = "<group>"; };
/* End PBXFileReference section */

/* Begin PBXFrameworksBuildPhase section */
		04983E031A8DE91E00803B81 /* Frameworks */ = {
			isa = PBXFrameworksBuildPhase;
			buildActionMask = 2147483647;
			files = (
			);
			runOnlyForDeploymentPostprocessing = 0;
		};
		04983E1C1A8DE91E00803B81 /* Frameworks */ = {
			isa = PBXFrameworksBuildPhase;
			buildActionMask = 2147483647;
			files = (
			);
			runOnlyForDeploymentPostprocessing = 0;
		};
/* End PBXFrameworksBuildPhase section */

/* Begin PBXGroup section */
		042148C31A9195F400692351 /* Model */ = {
			isa = PBXGroup;
			children = (
				042148C41A9195F400692351 /* Card.h */,
				042148C51A9195F400692351 /* Card.m */,
				042148C61A9195F400692351 /* CardMatchingGame.h */,
				042148C71A9195F400692351 /* CardMatchingGame.m */,
				042148C81A9195F400692351 /* Deck.h */,
				042148C91A9195F400692351 /* Deck.m */,
				042148CA1A9195F400692351 /* PlayingCard.h */,
				042148CB1A9195F400692351 /* PlayingCard.m */,
				042148CC1A9195F400692351 /* PlayingCardDeck.h */,
				042148CD1A9195F400692351 /* PlayingCardDeck.m */,
			);
			path = Model;
			sourceTree = "<group>";
		};
		04983DFD1A8DE91E00803B81 = {
			isa = PBXGroup;
			children = (
				04983E2F1A8DE94700803B81 /* PlayingCardView.h */,
				04983E301A8DE94700803B81 /* PlayingCardView.m */,
				042148C31A9195F400692351 /* Model */,
				04983E081A8DE91E00803B81 /* SuperCard */,
				04983E221A8DE91E00803B81 /* SuperCardTests */,
				04983E071A8DE91E00803B81 /* Products */,
			);
			sourceTree = "<group>";
		};
		04983E071A8DE91E00803B81 /* Products */ = {
			isa = PBXGroup;
			children = (
				04983E061A8DE91E00803B81 /* SuperCard.app */,
				04983E1F1A8DE91E00803B81 /* SuperCardTests.xctest */,
			);
			name = Products;
			sourceTree = "<group>";
		};
		04983E081A8DE91E00803B81 /* SuperCard */ = {
			isa = PBXGroup;
			children = (
				04983E0D1A8DE91E00803B81 /* AppDelegate.h */,
				04983E0E1A8DE91E00803B81 /* AppDelegate.m */,
				04983E101A8DE91E00803B81 /* ViewController.h */,
				04983E111A8DE91E00803B81 /* ViewController.m */,
				04983E131A8DE91E00803B81 /* Main.storyboard */,
				04983E161A8DE91E00803B81 /* Images.xcassets */,
				04983E181A8DE91E00803B81 /* LaunchScreen.xib */,
				04983E091A8DE91E00803B81 /* Supporting Files */,
			);
			path = SuperCard;
			sourceTree = "<group>";
		};
		04983E091A8DE91E00803B81 /* Supporting Files */ = {
			isa = PBXGroup;
			children = (
				04983E0A1A8DE91E00803B81 /* Info.plist */,
				04983E0B1A8DE91E00803B81 /* main.m */,
			);
			name = "Supporting Files";
			sourceTree = "<group>";
		};
		04983E221A8DE91E00803B81 /* SuperCardTests */ = {
			isa = PBXGroup;
			children = (
				04983E251A8DE91E00803B81 /* SuperCardTests.m */,
				04983E231A8DE91E00803B81 /* Supporting Files */,
			);
			path = SuperCardTests;
			sourceTree = "<group>";
		};
		04983E231A8DE91E00803B81 /* Supporting Files */ = {
			isa = PBXGroup;
			children = (
				04983E241A8DE91E00803B81 /* Info.plist */,
			);
			name = "Supporting Files";
			sourceTree = "<group>";
		};
/* End PBXGroup section */

/* Begin PBXNativeTarget section */
		04983E051A8DE91E00803B81 /* SuperCard */ = {
			isa = PBXNativeTarget;
			buildConfigurationList = 04983E291A8DE91E00803B81 /* Build configuration list for PBXNativeTarget "SuperCard" */;
			buildPhases = (
				04983E021A8DE91E00803B81 /* Sources */,
				04983E031A8DE91E00803B81 /* Frameworks */,
				04983E041A8DE91E00803B81 /* Resources */,
			);
			buildRules = (
			);
			dependencies = (
			);
			name = SuperCard;
			productName = SuperCard;
			productReference = 04983E061A8DE91E00803B81 /* SuperCard.app */;
			productType = "com.apple.product-type.application";
		};
		04983E1E1A8DE91E00803B81 /* SuperCardTests */ = {
			isa = PBXNativeTarget;
			buildConfigurationList = 04983E2C1A8DE91E00803B81 /* Build configuration list for PBXNativeTarget "SuperCardTests" */;
			buildPhases = (
				04983E1B1A8DE91E00803B81 /* Sources */,
				04983E1C1A8DE91E00803B81 /* Frameworks */,
				04983E1D1A8DE91E00803B81 /* Resources */,
			);
			buildRules = (
			);
			dependencies = (
				04983E211A8DE91E00803B81 /* PBXTargetDependency */,
			);
			name = SuperCardTests;
			productName = SuperCardTests;
			productReference = 04983E1F1A8DE91E00803B81 /* SuperCardTests.xctest */;
			productType = "com.apple.product-type.bundle.unit-test";
		};
/* End PBXNativeTarget section */

/* Begin PBXProject section */
		04983DFE1A8DE91E00803B81 /* Project object */ = {
			isa = PBXProject;
			attributes = {
				LastUpgradeCheck = 0610;
				ORGANIZATIONNAME = "Ｋ";
				TargetAttributes = {
					04983E051A8DE91E00803B81 = {
						CreatedOnToolsVersion = 6.1.1;
					};
					04983E1E1A8DE91E00803B81 = {
						CreatedOnToolsVersion = 6.1.1;
						TestTargetID = 04983E051A8DE91E00803B81;
					};
				};
			};
			buildConfigurationList = 04983E011A8DE91E00803B81 /* Build configuration list for PBXProject "SuperCard" */;
			compatibilityVersion = "Xcode 3.2";
			developmentRegion = English;
			hasScannedForEncodings = 0;
			knownRegions = (
				en,
				Base,
			);
			mainGroup = 04983DFD1A8DE91E00803B81;
			productRefGroup = 04983E071A8DE91E00803B81 /* Products */;
			projectDirPath = "";
			projectRoot = "";
			targets = (
				04983E051A8DE91E00803B81 /* SuperCard */,
				04983E1E1A8DE91E00803B81 /* SuperCardTests */,
			);
		};
/* End PBXProject section */

/* Begin PBXResourcesBuildPhase section */
		04983E041A8DE91E00803B81 /* Resources */ = {
			isa = PBXResourcesBuildPhase;
			buildActionMask = 2147483647;
			files = (
				04983E151A8DE91E00803B81 /* Main.storyboard in Resources */,
				04983E1A1A8DE91E00803B81 /* LaunchScreen.xib in Resources */,
				04983E171A8DE91E00803B81 /* Images.xcassets in Resources */,
			);
			runOnlyForDeploymentPostprocessing = 0;
		};
		04983E1D1A8DE91E00803B81 /* Resources */ = {
			isa = PBXResourcesBuildPhase;
			buildActionMask = 2147483647;
			files = (
			);
			runOnlyForDeploymentPostprocessing = 0;
		};
/* End PBXResourcesBuildPhase section */

/* Begin PBXSourcesBuildPhase section */
		04983E021A8DE91E00803B81 /* Sources */ = {
			isa = PBXSourcesBuildPhase;
			buildActionMask = 2147483647;
			files = (
				042148D01A9195F400692351 /* Deck.m in Sources */,
				04983E121A8DE91E00803B81 /* ViewController.m in Sources */,
				042148D11A9195F400692351 /* PlayingCard.m in Sources */,
				04983E311A8DE94700803B81 /* PlayingCardView.m in Sources */,
				042148D21A9195F400692351 /* PlayingCardDeck.m in Sources */,
				04983E0F1A8DE91E00803B81 /* AppDelegate.m in Sources */,
				04983E0C1A8DE91E00803B81 /* main.m in Sources */,
				042148CE1A9195F400692351 /* Card.m in Sources */,
				042148CF1A9195F400692351 /* CardMatchingGame.m in Sources */,
			);
			runOnlyForDeploymentPostprocessing = 0;
		};
		04983E1B1A8DE91E00803B81 /* Sources */ = {
			isa = PBXSourcesBuildPhase;
			buildActionMask = 2147483647;
			files = (
				04983E261A8DE91E00803B81 /* SuperCardTests.m in Sources */,
			);
			runOnlyForDeploymentPostprocessing = 0;
		};
/* End PBXSourcesBuildPhase section */

/* Begin PBXTargetDependency section */
		04983E211A8DE91E00803B81 /* PBXTargetDependency */ = {
			isa = PBXTargetDependency;
			target = 04983E051A8DE91E00803B81 /* SuperCard */;
			targetProxy = 04983E201A8DE91E00803B81 /* PBXContainerItemProxy */;
		};
/* End PBXTargetDependency section */

/* Begin PBXVariantGroup section */
		04983E131A8DE91E00803B81 /* Main.storyboard */ = {
			isa = PBXVariantGroup;
			children = (
				04983E141A8DE91E00803B81 /* Base */,
			);
			name = Main.storyboard;
			sourceTree = "<group>";
		};
		04983E181A8DE91E00803B81 /* LaunchScreen.xib */ = {
			isa = PBXVariantGroup;
			children = (
				04983E191A8DE91E00803B81 /* Base */,
			);
			name = LaunchScreen.xib;
			sourceTree = "<group>";
		};
/* End PBXVariantGroup section */

/* Begin XCBuildConfiguration section */
		04983E271A8DE91E00803B81 /* Debug */ = {
			isa = XCBuildConfiguration;
			buildSettings = {
				ALWAYS_SEARCH_USER_PATHS = NO;
				CLANG_CXX_LANGUAGE_STANDARD = "gnu++0x";
				CLANG_CXX_LIBRARY = "libc++";
				CLANG_ENABLE_MODULES = YES;
				CLANG_ENABLE_OBJC_ARC = YES;
				CLANG_WARN_BOOL_CONVERSION = YES;
				CLANG_WARN_CONSTANT_CONVERSION = YES;
				CLANG_WARN_DIRECT_OBJC_ISA_USAGE = YES_ERROR;
				CLANG_WARN_EMPTY_BODY = YES;
				CLANG_WARN_ENUM_CONVERSION = YES;
				CLANG_WARN_INT_CONVERSION = YES;
				CLANG_WARN_OBJC_ROOT_CLASS = YES_ERROR;
				CLANG_WARN_UNREACHABLE_CODE = YES;
				CLANG_WARN__DUPLICATE_METHOD_MATCH = YES;
				"CODE_SIGN_IDENTITY[sdk=iphoneos*]" = "iPhone Developer";
				COPY_PHASE_STRIP = NO;
				ENABLE_STRICT_OBJC_MSGSEND = YES;
				GCC_C_LANGUAGE_STANDARD = gnu99;
				GCC_DYNAMIC_NO_PIC = NO;
				GCC_OPTIMIZATION_LEVEL = 0;
				GCC_PREPROCESSOR_DEFINITIONS = (
					"DEBUG=1",
					"$(inherited)",
				);
				GCC_SYMBOLS_PRIVATE_EXTERN = NO;
				GCC_WARN_64_TO_32_BIT_CONVERSION = YES;
				GCC_WARN_ABOUT_RETURN_TYPE = YES_ERROR;
				GCC_WARN_UNDECLARED_SELECTOR = YES;
				GCC_WARN_UNINITIALIZED_AUTOS = YES_AGGRESSIVE;
				GCC_WARN_UNUSED_FUNCTION = YES;
				GCC_WARN_UNUSED_VARIABLE = YES;
				IPHONEOS_DEPLOYMENT_TARGET = 8.1;
				MTL_ENABLE_DEBUG_INFO = YES;
				ONLY_ACTIVE_ARCH = YES;
				SDKROOT = iphoneos;
			};
			name = Debug;
		};
		04983E281A8DE91E00803B81 /* Release */ = {
			isa = XCBuildConfiguration;
			buildSettings = {
				ALWAYS_SEARCH_USER_PATHS = NO;
				CLANG_CXX_LANGUAGE_STANDARD = "gnu++0x";
				CLANG_CXX_LIBRARY = "libc++";
				CLANG_ENABLE_MODULES = YES;
				CLANG_ENABLE_OBJC_ARC = YES;
				CLANG_WARN_BOOL_CONVERSION = YES;
				CLANG_WARN_CONSTANT_CONVERSION = YES;
				CLANG_WARN_DIRECT_OBJC_ISA_USAGE = YES_ERROR;
				CLANG_WARN_EMPTY_BODY = YES;
				CLANG_WARN_ENUM_CONVERSION = YES;
				CLANG_WARN_INT_CONVERSION = YES;
				CLANG_WARN_OBJC_ROOT_CLASS = YES_ERROR;
				CLANG_WARN_UNREACHABLE_CODE = YES;
				CLANG_WARN__DUPLICATE_METHOD_MATCH = YES;
				"CODE_SIGN_IDENTITY[sdk=iphoneos*]" = "iPhone Developer";
				COPY_PHASE_STRIP = YES;
				ENABLE_NS_ASSERTIONS = NO;
				ENABLE_STRICT_OBJC_MSGSEND = YES;
				GCC_C_LANGUAGE_STANDARD = gnu99;
				GCC_WARN_64_TO_32_BIT_CONVERSION = YES;
				GCC_WARN_ABOUT_RETURN_TYPE = YES_ERROR;
				GCC_WARN_UNDECLARED_SELECTOR = YES;
				GCC_WARN_UNINITIALIZED_AUTOS = YES_AGGRESSIVE;
				GCC_WARN_UNUSED_FUNCTION = YES;
				GCC_WARN_UNUSED_VARIABLE = YES;
				IPHONEOS_DEPLOYMENT_TARGET = 8.1;
				MTL_ENABLE_DEBUG_INFO = NO;
				SDKROOT = iphoneos;
				VALIDATE_PRODUCT = YES;
			};
			name = Release;
		};
		04983E2A1A8DE91E00803B81 /* Debug */ = {
			isa = XCBuildConfiguration;
			buildSettings = {
				ASSETCATALOG_COMPILER_APPICON_NAME = AppIcon;
				INFOPLIST_FILE = SuperCard/Info.plist;
				LD_RUNPATH_SEARCH_PATHS = "$(inherited) @executable_path/Frameworks";
				PRODUCT_NAME = "$(TARGET_NAME)";
			};
			name = Debug;
		};
		04983E2B1A8DE91E00803B81 /* Release */ = {
			isa = XCBuildConfiguration;
			buildSettings = {
				ASSETCATALOG_COMPILER_APPICON_NAME = AppIcon;
				INFOPLIST_FILE = SuperCard/Info.plist;
				LD_RUNPATH_SEARCH_PATHS = "$(inherited) @executable_path/Frameworks";
				PRODUCT_NAME = "$(TARGET_NAME)";
			};
			name = Release;
		};
		04983E2D1A8DE91E00803B81 /* Debug */ = {
			isa = XCBuildConfiguration;
			buildSettings = {
				BUNDLE_LOADER = "$(TEST_HOST)";
				FRAMEWORK_SEARCH_PATHS = (
					"$(SDKROOT)/Developer/Library/Frameworks",
					"$(inherited)",
				);
				GCC_PREPROCESSOR_DEFINITIONS = (
					"DEBUG=1",
					"$(inherited)",
				);
				INFOPLIST_FILE = SuperCardTests/Info.plist;
				LD_RUNPATH_SEARCH_PATHS = "$(inherited) @executable_path/Frameworks @loader_path/Frameworks";
				PRODUCT_NAME = "$(TARGET_NAME)";
				TEST_HOST = "$(BUILT_PRODUCTS_DIR)/SuperCard.app/SuperCard";
			};
			name = Debug;
		};
		04983E2E1A8DE91E00803B81 /* Release */ = {
			isa = XCBuildConfiguration;
			buildSettings = {
				BUNDLE_LOADER = "$(TEST_HOST)";
				FRAMEWORK_SEARCH_PATHS = (
					"$(SDKROOT)/Developer/Library/Frameworks",
					"$(inherited)",
				);
				INFOPLIST_FILE = SuperCardTests/Info.plist;
				LD_RUNPATH_SEARCH_PATHS = "$(inherited) @executable_path/Frameworks @loader_path/Frameworks";
				PRODUCT_NAME = "$(TARGET_NAME)";
				TEST_HOST = "$(BUILT_PRODUCTS_DIR)/SuperCard.app/SuperCard";
			};
			name = Release;
		};
/* End XCBuildConfiguration section */

/* Begin XCConfigurationList section */
		04983E011A8DE91E00803B81 /* Build configuration list for PBXProject "SuperCard" */ = {
			isa = XCConfigurationList;
			buildConfigurations = (
				04983E271A8DE91E00803B81 /* Debug */,
				04983E281A8DE91E00803B81 /* Release */,
			);
			defaultConfigurationIsVisible = 0;
			defaultConfigurationName = Release;
		};
		04983E291A8DE91E00803B81 /* Build configuration list for PBXNativeTarget "SuperCard" */ = {
			isa = XCConfigurationList;
			buildConfigurations = (
				04983E2A1A8DE91E00803B81 /* Debug */,
				04983E2B1A8DE91E00803B81 /* Release */,
			);
			defaultConfigurationIsVisible = 0;
			defaultConfigurationName = Release;
		};
		04983E2C1A8DE91E00803B81 /* Build configuration list for PBXNativeTarget "SuperCardTests" */ = {
			isa = XCConfigurationList;
			buildConfigurations = (
				04983E2D1A8DE91E00803B81 /* Debug */,
				04983E2E1A8DE91E00803B81 /* Release */,
			);
			defaultConfigurationIsVisible = 0;
			defaultConfigurationName = Release;
		};
/* End XCConfigurationList section */
	};
	rootObject = 04983DFE1A8DE91E00803B81 /* Project object */;
}
